// !$*UTF8*$!
{
	archiveVersion = 1;
	classes = {
	};
	objectVersion = 56;
	objects = {

/* Begin PBXBuildFile section */
		5A21AA242A40E5AF00BA1AD1 /* GalaxyGuideApp.swift in Sources */ = {isa = PBXBuildFile; fileRef = 5A21AA232A40E5AF00BA1AD1 /* GalaxyGuideApp.swift */; };
		5A21AA262A40E5AF00BA1AD1 /* ContentView.swift in Sources */ = {isa = PBXBuildFile; fileRef = 5A21AA252A40E5AF00BA1AD1 /* ContentView.swift */; };
		5A21AA282A40E5B000BA1AD1 /* Assets.xcassets in Resources */ = {isa = PBXBuildFile; fileRef = 5A21AA272A40E5B000BA1AD1 /* Assets.xcassets */; };
		5A21AA2B2A40E5B000BA1AD1 /* Preview Assets.xcassets in Resources */ = {isa = PBXBuildFile; fileRef = 5A21AA2A2A40E5B000BA1AD1 /* Preview Assets.xcassets */; };
		5A21AA352A40E5B100BA1AD1 /* GalaxyGuideTests.swift in Sources */ = {isa = PBXBuildFile; fileRef = 5A21AA342A40E5B100BA1AD1 /* GalaxyGuideTests.swift */; };
		5A21AA3F2A40E5B100BA1AD1 /* GalaxyGuideUITests.swift in Sources */ = {isa = PBXBuildFile; fileRef = 5A21AA3E2A40E5B100BA1AD1 /* GalaxyGuideUITests.swift */; };
		5A21AA412A40E5B100BA1AD1 /* GalaxyGuideUITestsLaunchTests.swift in Sources */ = {isa = PBXBuildFile; fileRef = 5A21AA402A40E5B100BA1AD1 /* GalaxyGuideUITestsLaunchTests.swift */; };
		5A21AA542A40F3A500BA1AD1 /* StarView.swift in Sources */ = {isa = PBXBuildFile; fileRef = 5A21AA532A40F3A500BA1AD1 /* StarView.swift */; };
		5A21AA552A40F3A500BA1AD1 /* StarView.swift in Sources */ = {isa = PBXBuildFile; fileRef = 5A21AA532A40F3A500BA1AD1 /* StarView.swift */; };
		5A21AA562A40F3A500BA1AD1 /* StarView.swift in Sources */ = {isa = PBXBuildFile; fileRef = 5A21AA532A40F3A500BA1AD1 /* StarView.swift */; };
		5A21AA582A40F71D00BA1AD1 /* PlanetView.swift in Sources */ = {isa = PBXBuildFile; fileRef = 5A21AA572A40F71D00BA1AD1 /* PlanetView.swift */; };
		5A21AA592A40F71D00BA1AD1 /* PlanetView.swift in Sources */ = {isa = PBXBuildFile; fileRef = 5A21AA572A40F71D00BA1AD1 /* PlanetView.swift */; };
		5A21AA5A2A40F71D00BA1AD1 /* PlanetView.swift in Sources */ = {isa = PBXBuildFile; fileRef = 5A21AA572A40F71D00BA1AD1 /* PlanetView.swift */; };
/* End PBXBuildFile section */

/* Begin PBXContainerItemProxy section */
		5A21AA312A40E5B100BA1AD1 /* PBXContainerItemProxy */ = {
			isa = PBXContainerItemProxy;
			containerPortal = 5A21AA182A40E5AF00BA1AD1 /* Project object */;
			proxyType = 1;
			remoteGlobalIDString = 5A21AA1F2A40E5AF00BA1AD1;
			remoteInfo = GalaxyGuide;
		};
		5A21AA3B2A40E5B100BA1AD1 /* PBXContainerItemProxy */ = {
			isa = PBXContainerItemProxy;
			containerPortal = 5A21AA182A40E5AF00BA1AD1 /* Project object */;
			proxyType = 1;
			remoteGlobalIDString = 5A21AA1F2A40E5AF00BA1AD1;
			remoteInfo = GalaxyGuide;
		};
/* End PBXContainerItemProxy section */

/* Begin PBXFileReference section */
		5A21AA202A40E5AF00BA1AD1 /* GalaxyGuide.app */ = {isa = PBXFileReference; explicitFileType = wrapper.application; includeInIndex = 0; path = GalaxyGuide.app; sourceTree = BUILT_PRODUCTS_DIR; };
		5A21AA232A40E5AF00BA1AD1 /* GalaxyGuideApp.swift */ = {isa = PBXFileReference; lastKnownFileType = sourcecode.swift; path = GalaxyGuideApp.swift; sourceTree = "<group>"; };
		5A21AA252A40E5AF00BA1AD1 /* ContentView.swift */ = {isa = PBXFileReference; lastKnownFileType = sourcecode.swift; path = ContentView.swift; sourceTree = "<group>"; };
		5A21AA272A40E5B000BA1AD1 /* Assets.xcassets */ = {isa = PBXFileReference; lastKnownFileType = folder.assetcatalog; path = Assets.xcassets; sourceTree = "<group>"; };
		5A21AA2A2A40E5B000BA1AD1 /* Preview Assets.xcassets */ = {isa = PBXFileReference; lastKnownFileType = folder.assetcatalog; path = "Preview Assets.xcassets"; sourceTree = "<group>"; };
		5A21AA302A40E5B100BA1AD1 /* GalaxyGuideTests.xctest */ = {isa = PBXFileReference; explicitFileType = wrapper.cfbundle; includeInIndex = 0; path = GalaxyGuideTests.xctest; sourceTree = BUILT_PRODUCTS_DIR; };
		5A21AA342A40E5B100BA1AD1 /* GalaxyGuideTests.swift */ = {isa = PBXFileReference; lastKnownFileType = sourcecode.swift; path = GalaxyGuideTests.swift; sourceTree = "<group>"; };
		5A21AA3A2A40E5B100BA1AD1 /* GalaxyGuideUITests.xctest */ = {isa = PBXFileReference; explicitFileType = wrapper.cfbundle; includeInIndex = 0; path = GalaxyGuideUITests.xctest; sourceTree = BUILT_PRODUCTS_DIR; };
		5A21AA3E2A40E5B100BA1AD1 /* GalaxyGuideUITests.swift */ = {isa = PBXFileReference; lastKnownFileType = sourcecode.swift; path = GalaxyGuideUITests.swift; sourceTree = "<group>"; };
		5A21AA402A40E5B100BA1AD1 /* GalaxyGuideUITestsLaunchTests.swift */ = {isa = PBXFileReference; lastKnownFileType = sourcecode.swift; path = GalaxyGuideUITestsLaunchTests.swift; sourceTree = "<group>"; };
		5A21AA532A40F3A500BA1AD1 /* StarView.swift */ = {isa = PBXFileReference; lastKnownFileType = sourcecode.swift; path = StarView.swift; sourceTree = "<group>"; };
		5A21AA572A40F71D00BA1AD1 /* PlanetView.swift */ = {isa = PBXFileReference; lastKnownFileType = sourcecode.swift; path = PlanetView.swift; sourceTree = "<group>"; };
/* End PBXFileReference section */

/* Begin PBXFrameworksBuildPhase section */
		5A21AA1D2A40E5AF00BA1AD1 /* Frameworks */ = {
			isa = PBXFrameworksBuildPhase;
			buildActionMask = 2147483647;
			files = (
			);
			runOnlyForDeploymentPostprocessing = 0;
		};
		5A21AA2D2A40E5B100BA1AD1 /* Frameworks */ = {
			isa = PBXFrameworksBuildPhase;
			buildActionMask = 2147483647;
			files = (
			);
			runOnlyForDeploymentPostprocessing = 0;
		};
		5A21AA372A40E5B100BA1AD1 /* Frameworks */ = {
			isa = PBXFrameworksBuildPhase;
			buildActionMask = 2147483647;
			files = (
			);
			runOnlyForDeploymentPostprocessing = 0;
		};
/* End PBXFrameworksBuildPhase section */

/* Begin PBXGroup section */
		5A21AA172A40E5AF00BA1AD1 = {
			isa = PBXGroup;
			children = (
				5A21AA222A40E5AF00BA1AD1 /* GalaxyGuide */,
				5A21AA332A40E5B100BA1AD1 /* GalaxyGuideTests */,
				5A21AA3D2A40E5B100BA1AD1 /* GalaxyGuideUITests */,
				5A21AA212A40E5AF00BA1AD1 /* Products */,
			);
			sourceTree = "<group>";
		};
		5A21AA212A40E5AF00BA1AD1 /* Products */ = {
			isa = PBXGroup;
			children = (
				5A21AA202A40E5AF00BA1AD1 /* GalaxyGuide.app */,
				5A21AA302A40E5B100BA1AD1 /* GalaxyGuideTests.xctest */,
				5A21AA3A2A40E5B100BA1AD1 /* GalaxyGuideUITests.xctest */,
			);
			name = Products;
			sourceTree = "<group>";
		};
		5A21AA222A40E5AF00BA1AD1 /* GalaxyGuide */ = {
			isa = PBXGroup;
			children = (
				5A21AA232A40E5AF00BA1AD1 /* GalaxyGuideApp.swift */,
				5A21AA4F2A40E61000BA1AD1 /* Model */,
				5A21AA4E2A40E60600BA1AD1 /* View */,
				5A21AA4D2A40E5E500BA1AD1 /* ViewModel */,
				5A21AA502A40E61800BA1AD1 /* Utilities */,
				5A21AA272A40E5B000BA1AD1 /* Assets.xcassets */,
				5A21AA292A40E5B000BA1AD1 /* Preview Content */,
			);
			path = GalaxyGuide;
			sourceTree = "<group>";
		};
		5A21AA292A40E5B000BA1AD1 /* Preview Content */ = {
			isa = PBXGroup;
			children = (
				5A21AA2A2A40E5B000BA1AD1 /* Preview Assets.xcassets */,
			);
			path = "Preview Content";
			sourceTree = "<group>";
		};
		5A21AA332A40E5B100BA1AD1 /* GalaxyGuideTests */ = {
			isa = PBXGroup;
			children = (
				5A21AA342A40E5B100BA1AD1 /* GalaxyGuideTests.swift */,
			);
			path = GalaxyGuideTests;
			sourceTree = "<group>";
		};
		5A21AA3D2A40E5B100BA1AD1 /* GalaxyGuideUITests */ = {
			isa = PBXGroup;
			children = (
				5A21AA3E2A40E5B100BA1AD1 /* GalaxyGuideUITests.swift */,
				5A21AA402A40E5B100BA1AD1 /* GalaxyGuideUITestsLaunchTests.swift */,
			);
			path = GalaxyGuideUITests;
			sourceTree = "<group>";
		};
		5A21AA4D2A40E5E500BA1AD1 /* ViewModel */ = {
			isa = PBXGroup;
			children = (
			);
			path = ViewModel;
			sourceTree = "<group>";
		};
		5A21AA4E2A40E60600BA1AD1 /* View */ = {
			isa = PBXGroup;
			children = (
				5A21AA252A40E5AF00BA1AD1 /* ContentView.swift */,
				5A21AA532A40F3A500BA1AD1 /* StarView.swift */,
				5A21AA572A40F71D00BA1AD1 /* PlanetView.swift */,
			);
			path = View;
			sourceTree = "<group>";
		};
		5A21AA4F2A40E61000BA1AD1 /* Model */ = {
			isa = PBXGroup;
			children = (
			);
			path = Model;
			sourceTree = "<group>";
		};
		5A21AA502A40E61800BA1AD1 /* Utilities */ = {
			isa = PBXGroup;
			children = (
			);
			path = Utilities;
			sourceTree = "<group>";
		};
/* End PBXGroup section */

/* Begin PBXNativeTarget section */
		5A21AA1F2A40E5AF00BA1AD1 /* GalaxyGuide */ = {
			isa = PBXNativeTarget;
			buildConfigurationList = 5A21AA442A40E5B100BA1AD1 /* Build configuration list for PBXNativeTarget "GalaxyGuide" */;
			buildPhases = (
				5A21AA1C2A40E5AF00BA1AD1 /* Sources */,
				5A21AA1D2A40E5AF00BA1AD1 /* Frameworks */,
				5A21AA1E2A40E5AF00BA1AD1 /* Resources */,
			);
			buildRules = (
			);
			dependencies = (
			);
			name = GalaxyGuide;
			productName = GalaxyGuide;
			productReference = 5A21AA202A40E5AF00BA1AD1 /* GalaxyGuide.app */;
			productType = "com.apple.product-type.application";
		};
		5A21AA2F2A40E5B100BA1AD1 /* GalaxyGuideTests */ = {
			isa = PBXNativeTarget;
			buildConfigurationList = 5A21AA472A40E5B100BA1AD1 /* Build configuration list for PBXNativeTarget "GalaxyGuideTests" */;
			buildPhases = (
				5A21AA2C2A40E5B100BA1AD1 /* Sources */,
				5A21AA2D2A40E5B100BA1AD1 /* Frameworks */,
				5A21AA2E2A40E5B100BA1AD1 /* Resources */,
			);
			buildRules = (
			);
			dependencies = (
				5A21AA322A40E5B100BA1AD1 /* PBXTargetDependency */,
			);
			name = GalaxyGuideTests;
			productName = GalaxyGuideTests;
			productReference = 5A21AA302A40E5B100BA1AD1 /* GalaxyGuideTests.xctest */;
			productType = "com.apple.product-type.bundle.unit-test";
		};
		5A21AA392A40E5B100BA1AD1 /* GalaxyGuideUITests */ = {
			isa = PBXNativeTarget;
			buildConfigurationList = 5A21AA4A2A40E5B100BA1AD1 /* Build configuration list for PBXNativeTarget "GalaxyGuideUITests" */;
			buildPhases = (
				5A21AA362A40E5B100BA1AD1 /* Sources */,
				5A21AA372A40E5B100BA1AD1 /* Frameworks */,
				5A21AA382A40E5B100BA1AD1 /* Resources */,
			);
			buildRules = (
			);
			dependencies = (
				5A21AA3C2A40E5B100BA1AD1 /* PBXTargetDependency */,
			);
			name = GalaxyGuideUITests;
			productName = GalaxyGuideUITests;
			productReference = 5A21AA3A2A40E5B100BA1AD1 /* GalaxyGuideUITests.xctest */;
			productType = "com.apple.product-type.bundle.ui-testing";
		};
/* End PBXNativeTarget section */

/* Begin PBXProject section */
		5A21AA182A40E5AF00BA1AD1 /* Project object */ = {
			isa = PBXProject;
			attributes = {
				BuildIndependentTargetsInParallel = 1;
				LastSwiftUpdateCheck = 1430;
				LastUpgradeCheck = 1430;
				TargetAttributes = {
					5A21AA1F2A40E5AF00BA1AD1 = {
						CreatedOnToolsVersion = 14.3;
					};
					5A21AA2F2A40E5B100BA1AD1 = {
						CreatedOnToolsVersion = 14.3;
						TestTargetID = 5A21AA1F2A40E5AF00BA1AD1;
					};
					5A21AA392A40E5B100BA1AD1 = {
						CreatedOnToolsVersion = 14.3;
						TestTargetID = 5A21AA1F2A40E5AF00BA1AD1;
					};
				};
			};
			buildConfigurationList = 5A21AA1B2A40E5AF00BA1AD1 /* Build configuration list for PBXProject "GalaxyGuide" */;
			compatibilityVersion = "Xcode 14.0";
			developmentRegion = en;
			hasScannedForEncodings = 0;
			knownRegions = (
				en,
				Base,
			);
			mainGroup = 5A21AA172A40E5AF00BA1AD1;
			productRefGroup = 5A21AA212A40E5AF00BA1AD1 /* Products */;
			projectDirPath = "";
			projectRoot = "";
			targets = (
				5A21AA1F2A40E5AF00BA1AD1 /* GalaxyGuide */,
				5A21AA2F2A40E5B100BA1AD1 /* GalaxyGuideTests */,
				5A21AA392A40E5B100BA1AD1 /* GalaxyGuideUITests */,
			);
		};
/* End PBXProject section */

/* Begin PBXResourcesBuildPhase section */
		5A21AA1E2A40E5AF00BA1AD1 /* Resources */ = {
			isa = PBXResourcesBuildPhase;
			buildActionMask = 2147483647;
			files = (
				5A21AA2B2A40E5B000BA1AD1 /* Preview Assets.xcassets in Resources */,
				5A21AA282A40E5B000BA1AD1 /* Assets.xcassets in Resources */,
			);
			runOnlyForDeploymentPostprocessing = 0;
		};
		5A21AA2E2A40E5B100BA1AD1 /* Resources */ = {
			isa = PBXResourcesBuildPhase;
			buildActionMask = 2147483647;
			files = (
			);
			runOnlyForDeploymentPostprocessing = 0;
		};
		5A21AA382A40E5B100BA1AD1 /* Resources */ = {
			isa = PBXResourcesBuildPhase;
			buildActionMask = 2147483647;
			files = (
			);
			runOnlyForDeploymentPostprocessing = 0;
		};
/* End PBXResourcesBuildPhase section */

/* Begin PBXSourcesBuildPhase section */
		5A21AA1C2A40E5AF00BA1AD1 /* Sources */ = {
			isa = PBXSourcesBuildPhase;
			buildActionMask = 2147483647;
			files = (
				5A21AA542A40F3A500BA1AD1 /* StarView.swift in Sources */,
				5A21AA262A40E5AF00BA1AD1 /* ContentView.swift in Sources */,
				5A21AA582A40F71D00BA1AD1 /* PlanetView.swift in Sources */,
				5A21AA242A40E5AF00BA1AD1 /* GalaxyGuideApp.swift in Sources */,
			);
			runOnlyForDeploymentPostprocessing = 0;
		};
		5A21AA2C2A40E5B100BA1AD1 /* Sources */ = {
			isa = PBXSourcesBuildPhase;
			buildActionMask = 2147483647;
			files = (
				5A21AA552A40F3A500BA1AD1 /* StarView.swift in Sources */,
				5A21AA352A40E5B100BA1AD1 /* GalaxyGuideTests.swift in Sources */,
				5A21AA592A40F71D00BA1AD1 /* PlanetView.swift in Sources */,
			);
			runOnlyForDeploymentPostprocessing = 0;
		};
		5A21AA362A40E5B100BA1AD1 /* Sources */ = {
			isa = PBXSourcesBuildPhase;
			buildActionMask = 2147483647;
			files = (
				5A21AA562A40F3A500BA1AD1 /* StarView.swift in Sources */,
				5A21AA3F2A40E5B100BA1AD1 /* GalaxyGuideUITests.swift in Sources */,
				5A21AA5A2A40F71D00BA1AD1 /* PlanetView.swift in Sources */,
				5A21AA412A40E5B100BA1AD1 /* GalaxyGuideUITestsLaunchTests.swift in Sources */,
			);
			runOnlyForDeploymentPostprocessing = 0;
		};
/* End PBXSourcesBuildPhase section */

/* Begin PBXTargetDependency section */
		5A21AA322A40E5B100BA1AD1 /* PBXTargetDependency */ = {
			isa = PBXTargetDependency;
			target = 5A21AA1F2A40E5AF00BA1AD1 /* GalaxyGuide */;
			targetProxy = 5A21AA312A40E5B100BA1AD1 /* PBXContainerItemProxy */;
		};
		5A21AA3C2A40E5B100BA1AD1 /* PBXTargetDependency */ = {
			isa = PBXTargetDependency;
			target = 5A21AA1F2A40E5AF00BA1AD1 /* GalaxyGuide */;
			targetProxy = 5A21AA3B2A40E5B100BA1AD1 /* PBXContainerItemProxy */;
		};
/* End PBXTargetDependency section */

/* Begin XCBuildConfiguration section */
		5A21AA422A40E5B100BA1AD1 /* Debug */ = {
			isa = XCBuildConfiguration;
			buildSettings = {
				ALWAYS_SEARCH_USER_PATHS = NO;
				CLANG_ANALYZER_NONNULL = YES;
				CLANG_ANALYZER_NUMBER_OBJECT_CONVERSION = YES_AGGRESSIVE;
				CLANG_CXX_LANGUAGE_STANDARD = "gnu++20";
				CLANG_ENABLE_MODULES = YES;
				CLANG_ENABLE_OBJC_ARC = YES;
				CLANG_ENABLE_OBJC_WEAK = YES;
				CLANG_WARN_BLOCK_CAPTURE_AUTORELEASING = YES;
				CLANG_WARN_BOOL_CONVERSION = YES;
				CLANG_WARN_COMMA = YES;
				CLANG_WARN_CONSTANT_CONVERSION = YES;
				CLANG_WARN_DEPRECATED_OBJC_IMPLEMENTATIONS = YES;
				CLANG_WARN_DIRECT_OBJC_ISA_USAGE = YES_ERROR;
				CLANG_WARN_DOCUMENTATION_COMMENTS = YES;
				CLANG_WARN_EMPTY_BODY = YES;
				CLANG_WARN_ENUM_CONVERSION = YES;
				CLANG_WARN_INFINITE_RECURSION = YES;
				CLANG_WARN_INT_CONVERSION = YES;
				CLANG_WARN_NON_LITERAL_NULL_CONVERSION = YES;
				CLANG_WARN_OBJC_IMPLICIT_RETAIN_SELF = YES;
				CLANG_WARN_OBJC_LITERAL_CONVERSION = YES;
				CLANG_WARN_OBJC_ROOT_CLASS = YES_ERROR;
				CLANG_WARN_QUOTED_INCLUDE_IN_FRAMEWORK_HEADER = YES;
				CLANG_WARN_RANGE_LOOP_ANALYSIS = YES;
				CLANG_WARN_STRICT_PROTOTYPES = YES;
				CLANG_WARN_SUSPICIOUS_MOVE = YES;
				CLANG_WARN_UNGUARDED_AVAILABILITY = YES_AGGRESSIVE;
				CLANG_WARN_UNREACHABLE_CODE = YES;
				CLANG_WARN__DUPLICATE_METHOD_MATCH = YES;
				COPY_PHASE_STRIP = NO;
				DEBUG_INFORMATION_FORMAT = dwarf;
				ENABLE_STRICT_OBJC_MSGSEND = YES;
				ENABLE_TESTABILITY = YES;
				GCC_C_LANGUAGE_STANDARD = gnu11;
				GCC_DYNAMIC_NO_PIC = NO;
				GCC_NO_COMMON_BLOCKS = YES;
				GCC_OPTIMIZATION_LEVEL = 0;
				GCC_PREPROCESSOR_DEFINITIONS = (
					"DEBUG=1",
					"$(inherited)",
				);
				GCC_WARN_64_TO_32_BIT_CONVERSION = YES;
				GCC_WARN_ABOUT_RETURN_TYPE = YES_ERROR;
				GCC_WARN_UNDECLARED_SELECTOR = YES;
				GCC_WARN_UNINITIALIZED_AUTOS = YES_AGGRESSIVE;
				GCC_WARN_UNUSED_FUNCTION = YES;
				GCC_WARN_UNUSED_VARIABLE = YES;
				IPHONEOS_DEPLOYMENT_TARGET = 16.4;
				MTL_ENABLE_DEBUG_INFO = INCLUDE_SOURCE;
				MTL_FAST_MATH = YES;
				ONLY_ACTIVE_ARCH = YES;
				SDKROOT = iphoneos;
				SWIFT_ACTIVE_COMPILATION_CONDITIONS = DEBUG;
				SWIFT_OPTIMIZATION_LEVEL = "-Onone";
			};
			name = Debug;
		};
		5A21AA432A40E5B100BA1AD1 /* Release */ = {
			isa = XCBuildConfiguration;
			buildSettings = {
				ALWAYS_SEARCH_USER_PATHS = NO;
				CLANG_ANALYZER_NONNULL = YES;
				CLANG_ANALYZER_NUMBER_OBJECT_CONVERSION = YES_AGGRESSIVE;
				CLANG_CXX_LANGUAGE_STANDARD = "gnu++20";
				CLANG_ENABLE_MODULES = YES;
				CLANG_ENABLE_OBJC_ARC = YES;
				CLANG_ENABLE_OBJC_WEAK = YES;
				CLANG_WARN_BLOCK_CAPTURE_AUTORELEASING = YES;
				CLANG_WARN_BOOL_CONVERSION = YES;
				CLANG_WARN_COMMA = YES;
				CLANG_WARN_CONSTANT_CONVERSION = YES;
				CLANG_WARN_DEPRECATED_OBJC_IMPLEMENTATIONS = YES;
				CLANG_WARN_DIRECT_OBJC_ISA_USAGE = YES_ERROR;
				CLANG_WARN_DOCUMENTATION_COMMENTS = YES;
				CLANG_WARN_EMPTY_BODY = YES;
				CLANG_WARN_ENUM_CONVERSION = YES;
				CLANG_WARN_INFINITE_RECURSION = YES;
				CLANG_WARN_INT_CONVERSION = YES;
				CLANG_WARN_NON_LITERAL_NULL_CONVERSION = YES;
				CLANG_WARN_OBJC_IMPLICIT_RETAIN_SELF = YES;
				CLANG_WARN_OBJC_LITERAL_CONVERSION = YES;
				CLANG_WARN_OBJC_ROOT_CLASS = YES_ERROR;
				CLANG_WARN_QUOTED_INCLUDE_IN_FRAMEWORK_HEADER = YES;
				CLANG_WARN_RANGE_LOOP_ANALYSIS = YES;
				CLANG_WARN_STRICT_PROTOTYPES = YES;
				CLANG_WARN_SUSPICIOUS_MOVE = YES;
				CLANG_WARN_UNGUARDED_AVAILABILITY = YES_AGGRESSIVE;
				CLANG_WARN_UNREACHABLE_CODE = YES;
				CLANG_WARN__DUPLICATE_METHOD_MATCH = YES;
				COPY_PHASE_STRIP = NO;
				DEBUG_INFORMATION_FORMAT = "dwarf-with-dsym";
				ENABLE_NS_ASSERTIONS = NO;
				ENABLE_STRICT_OBJC_MSGSEND = YES;
				GCC_C_LANGUAGE_STANDARD = gnu11;
				GCC_NO_COMMON_BLOCKS = YES;
				GCC_WARN_64_TO_32_BIT_CONVERSION = YES;
				GCC_WARN_ABOUT_RETURN_TYPE = YES_ERROR;
				GCC_WARN_UNDECLARED_SELECTOR = YES;
				GCC_WARN_UNINITIALIZED_AUTOS = YES_AGGRESSIVE;
				GCC_WARN_UNUSED_FUNCTION = YES;
				GCC_WARN_UNUSED_VARIABLE = YES;
				IPHONEOS_DEPLOYMENT_TARGET = 16.4;
				MTL_ENABLE_DEBUG_INFO = NO;
				MTL_FAST_MATH = YES;
				SDKROOT = iphoneos;
				SWIFT_COMPILATION_MODE = wholemodule;
				SWIFT_OPTIMIZATION_LEVEL = "-O";
				VALIDATE_PRODUCT = YES;
			};
			name = Release;
		};
		5A21AA452A40E5B100BA1AD1 /* Debug */ = {
			isa = XCBuildConfiguration;
			buildSettings = {
				ASSETCATALOG_COMPILER_APPICON_NAME = AppIcon;
				ASSETCATALOG_COMPILER_GLOBAL_ACCENT_COLOR_NAME = AccentColor;
				CODE_SIGN_STYLE = Automatic;
				CURRENT_PROJECT_VERSION = 1;
				DEVELOPMENT_ASSET_PATHS = "\"GalaxyGuide/Preview Content\"";
				DEVELOPMENT_TEAM = 94P9U8H695;
				ENABLE_PREVIEWS = YES;
				GENERATE_INFOPLIST_FILE = YES;
				INFOPLIST_KEY_UIApplicationSceneManifest_Generation = YES;
				INFOPLIST_KEY_UIApplicationSupportsIndirectInputEvents = YES;
				INFOPLIST_KEY_UILaunchScreen_Generation = YES;
				INFOPLIST_KEY_UISupportedInterfaceOrientations_iPad = "UIInterfaceOrientationPortrait UIInterfaceOrientationPortraitUpsideDown UIInterfaceOrientationLandscapeLeft UIInterfaceOrientationLandscapeRight";
				INFOPLIST_KEY_UISupportedInterfaceOrientations_iPhone = "UIInterfaceOrientationPortrait UIInterfaceOrientationLandscapeLeft UIInterfaceOrientationLandscapeRight";
				LD_RUNPATH_SEARCH_PATHS = (
					"$(inherited)",
					"@executable_path/Frameworks",
				);
				MARKETING_VERSION = 1.0;
				PRODUCT_BUNDLE_IDENTIFIER = RP.GalaxyGuide;
				PRODUCT_NAME = "$(TARGET_NAME)";
				SWIFT_EMIT_LOC_STRINGS = YES;
				SWIFT_VERSION = 5.0;
				TARGETED_DEVICE_FAMILY = "1,2";
			};
			name = Debug;
		};
		5A21AA462A40E5B100BA1AD1 /* Release */ = {
			isa = XCBuildConfiguration;
			buildSettings = {
				ASSETCATALOG_COMPILER_APPICON_NAME = AppIcon;
				ASSETCATALOG_COMPILER_GLOBAL_ACCENT_COLOR_NAME = AccentColor;
				CODE_SIGN_STYLE = Automatic;
				CURRENT_PROJECT_VERSION = 1;
				DEVELOPMENT_ASSET_PATHS = "\"GalaxyGuide/Preview Content\"";
				DEVELOPMENT_TEAM = 94P9U8H695;
				ENABLE_PREVIEWS = YES;
				GENERATE_INFOPLIST_FILE = YES;
				INFOPLIST_KEY_UIApplicationSceneManifest_Generation = YES;
				INFOPLIST_KEY_UIApplicationSupportsIndirectInputEvents = YES;
				INFOPLIST_KEY_UILaunchScreen_Generation = YES;
				INFOPLIST_KEY_UISupportedInterfaceOrientations_iPad = "UIInterfaceOrientationPortrait UIInterfaceOrientationPortraitUpsideDown UIInterfaceOrientationLandscapeLeft UIInterfaceOrientationLandscapeRight";
				INFOPLIST_KEY_UISupportedInterfaceOrientations_iPhone = "UIInterfaceOrientationPortrait UIInterfaceOrientationLandscapeLeft UIInterfaceOrientationLandscapeRight";
				LD_RUNPATH_SEARCH_PATHS = (
					"$(inherited)",
					"@executable_path/Frameworks",
				);
				MARKETING_VERSION = 1.0;
				PRODUCT_BUNDLE_IDENTIFIER = RP.GalaxyGuide;
				PRODUCT_NAME = "$(TARGET_NAME)";
				SWIFT_EMIT_LOC_STRINGS = YES;
				SWIFT_VERSION = 5.0;
				TARGETED_DEVICE_FAMILY = "1,2";
			};
			name = Release;
		};
		5A21AA482A40E5B100BA1AD1 /* Debug */ = {
			isa = XCBuildConfiguration;
			buildSettings = {
				ALWAYS_EMBED_SWIFT_STANDARD_LIBRARIES = YES;
				BUNDLE_LOADER = "$(TEST_HOST)";
				CODE_SIGN_STYLE = Automatic;
				CURRENT_PROJECT_VERSION = 1;
				DEVELOPMENT_TEAM = 94P9U8H695;
				GENERATE_INFOPLIST_FILE = YES;
				IPHONEOS_DEPLOYMENT_TARGET = 16.4;
				MARKETING_VERSION = 1.0;
				PRODUCT_BUNDLE_IDENTIFIER = RP.GalaxyGuideTests;
				PRODUCT_NAME = "$(TARGET_NAME)";
				SWIFT_EMIT_LOC_STRINGS = NO;
				SWIFT_VERSION = 5.0;
				TARGETED_DEVICE_FAMILY = "1,2";
				TEST_HOST = "$(BUILT_PRODUCTS_DIR)/GalaxyGuide.app/$(BUNDLE_EXECUTABLE_FOLDER_PATH)/GalaxyGuide";
			};
			name = Debug;
		};
		5A21AA492A40E5B100BA1AD1 /* Release */ = {
			isa = XCBuildConfiguration;
			buildSettings = {
				ALWAYS_EMBED_SWIFT_STANDARD_LIBRARIES = YES;
				BUNDLE_LOADER = "$(TEST_HOST)";
				CODE_SIGN_STYLE = Automatic;
				CURRENT_PROJECT_VERSION = 1;
				DEVELOPMENT_TEAM = 94P9U8H695;
				GENERATE_INFOPLIST_FILE = YES;
				IPHONEOS_DEPLOYMENT_TARGET = 16.4;
				MARKETING_VERSION = 1.0;
				PRODUCT_BUNDLE_IDENTIFIER = RP.GalaxyGuideTests;
				PRODUCT_NAME = "$(TARGET_NAME)";
				SWIFT_EMIT_LOC_STRINGS = NO;
				SWIFT_VERSION = 5.0;
				TARGETED_DEVICE_FAMILY = "1,2";
				TEST_HOST = "$(BUILT_PRODUCTS_DIR)/GalaxyGuide.app/$(BUNDLE_EXECUTABLE_FOLDER_PATH)/GalaxyGuide";
			};
			name = Release;
		};
		5A21AA4B2A40E5B100BA1AD1 /* Debug */ = {
			isa = XCBuildConfiguration;
			buildSettings = {
				ALWAYS_EMBED_SWIFT_STANDARD_LIBRARIES = YES;
				CODE_SIGN_STYLE = Automatic;
				CURRENT_PROJECT_VERSION = 1;
				DEVELOPMENT_TEAM = 94P9U8H695;
				GENERATE_INFOPLIST_FILE = YES;
				MARKETING_VERSION = 1.0;
				PRODUCT_BUNDLE_IDENTIFIER = RP.GalaxyGuideUITests;
				PRODUCT_NAME = "$(TARGET_NAME)";
				SWIFT_EMIT_LOC_STRINGS = NO;
				SWIFT_VERSION = 5.0;
				TARGETED_DEVICE_FAMILY = "1,2";
				TEST_TARGET_NAME = GalaxyGuide;
			};
			name = Debug;
		};
		5A21AA4C2A40E5B100BA1AD1 /* Release */ = {
			isa = XCBuildConfiguration;
			buildSettings = {
				ALWAYS_EMBED_SWIFT_STANDARD_LIBRARIES = YES;
				CODE_SIGN_STYLE = Automatic;
				CURRENT_PROJECT_VERSION = 1;
				DEVELOPMENT_TEAM = 94P9U8H695;
				GENERATE_INFOPLIST_FILE = YES;
				MARKETING_VERSION = 1.0;
				PRODUCT_BUNDLE_IDENTIFIER = RP.GalaxyGuideUITests;
				PRODUCT_NAME = "$(TARGET_NAME)";
				SWIFT_EMIT_LOC_STRINGS = NO;
				SWIFT_VERSION = 5.0;
				TARGETED_DEVICE_FAMILY = "1,2";
				TEST_TARGET_NAME = GalaxyGuide;
			};
			name = Release;
		};
/* End XCBuildConfiguration section */

/* Begin XCConfigurationList section */
		5A21AA1B2A40E5AF00BA1AD1 /* Build configuration list for PBXProject "GalaxyGuide" */ = {
			isa = XCConfigurationList;
			buildConfigurations = (
				5A21AA422A40E5B100BA1AD1 /* Debug */,
				5A21AA432A40E5B100BA1AD1 /* Release */,
			);
			defaultConfigurationIsVisible = 0;
			defaultConfigurationName = Release;
		};
		5A21AA442A40E5B100BA1AD1 /* Build configuration list for PBXNativeTarget "GalaxyGuide" */ = {
			isa = XCConfigurationList;
			buildConfigurations = (
				5A21AA452A40E5B100BA1AD1 /* Debug */,
				5A21AA462A40E5B100BA1AD1 /* Release */,
			);
			defaultConfigurationIsVisible = 0;
			defaultConfigurationName = Release;
		};
		5A21AA472A40E5B100BA1AD1 /* Build configuration list for PBXNativeTarget "GalaxyGuideTests" */ = {
			isa = XCConfigurationList;
			buildConfigurations = (
				5A21AA482A40E5B100BA1AD1 /* Debug */,
				5A21AA492A40E5B100BA1AD1 /* Release */,
			);
			defaultConfigurationIsVisible = 0;
			defaultConfigurationName = Release;
		};
		5A21AA4A2A40E5B100BA1AD1 /* Build configuration list for PBXNativeTarget "GalaxyGuideUITests" */ = {
			isa = XCConfigurationList;
			buildConfigurations = (
				5A21AA4B2A40E5B100BA1AD1 /* Debug */,
				5A21AA4C2A40E5B100BA1AD1 /* Release */,
			);
			defaultConfigurationIsVisible = 0;
			defaultConfigurationName = Release;
		};
/* End XCConfigurationList section */
	};
	rootObject = 5A21AA182A40E5AF00BA1AD1 /* Project object */;
}
